// !$*UTF8*$!
{
	archiveVersion = 1;
	classes = {
	};
	objectVersion = 46;
	objects = {

/* Begin PBXBuildFile section */
		C774CC711BAB9E550041F909 /* KGLocalMusicTableViewController.m in Sources */ = {isa = PBXBuildFile; fileRef = C774CC701BAB9E550041F909 /* KGLocalMusicTableViewController.m */; };
		C774CC751BABA0110041F909 /* Music.m in Sources */ = {isa = PBXBuildFile; fileRef = C774CC741BABA0110041F909 /* Music.m */; };
		C774CC781BABB2080041F909 /* KGPlayBar.xib in Resources */ = {isa = PBXBuildFile; fileRef = C774CC771BABB2080041F909 /* KGPlayBar.xib */; };
		C774CC7E1BABB4DD0041F909 /* KGPlayBar.m in Sources */ = {isa = PBXBuildFile; fileRef = C774CC7D1BABB4DD0041F909 /* KGPlayBar.m */; };
		C774CC811BABB7710041F909 /* NSString+MoreExtensions.m in Sources */ = {isa = PBXBuildFile; fileRef = C774CC801BABB7710041F909 /* NSString+MoreExtensions.m */; };
		C774CC841BABB7840041F909 /* UIView+Extension.m in Sources */ = {isa = PBXBuildFile; fileRef = C774CC831BABB7840041F909 /* UIView+Extension.m */; };
		C78557211BAA61EE00F929AD /* KGMusicCellStatusModel.m in Sources */ = {isa = PBXBuildFile; fileRef = C78557201BAA61EE00F929AD /* KGMusicCellStatusModel.m */; };
		C78557291BAA634800F929AD /* KGMainPageMusicTableViewCell.m in Sources */ = {isa = PBXBuildFile; fileRef = C78557281BAA634800F929AD /* KGMainPageMusicTableViewCell.m */; };
		C785572D1BAA8F7800F929AD /* MoreList.plist in Resources */ = {isa = PBXBuildFile; fileRef = C785572A1BAA8F7800F929AD /* MoreList.plist */; };
		C785572E1BAA8F7800F929AD /* MyMusicSelList.plist in Resources */ = {isa = PBXBuildFile; fileRef = C785572B1BAA8F7800F929AD /* MyMusicSelList.plist */; };
		C785572F1BAA8F7800F929AD /* webMusicList.plist in Resources */ = {isa = PBXBuildFile; fileRef = C785572C1BAA8F7800F929AD /* webMusicList.plist */; };
		C78C75A21BB0E8900019C49A /* NEUButton.m in Sources */ = {isa = PBXBuildFile; fileRef = C78C75A11BB0E8900019C49A /* NEUButton.m */; };
		C78C75A51BB0FED20019C49A /* CoreDataMngTool.m in Sources */ = {isa = PBXBuildFile; fileRef = C78C75A41BB0FED20019C49A /* CoreDataMngTool.m */; };
		C7C6C22F1BAF93CA002F4E19 /* KGMusicTableViewCell.m in Sources */ = {isa = PBXBuildFile; fileRef = C7C6C22E1BAF93CA002F4E19 /* KGMusicTableViewCell.m */; };
		C7C6C2331BAFB301002F4E19 /* KGMusicMenu.m in Sources */ = {isa = PBXBuildFile; fileRef = C7C6C2321BAFB301002F4E19 /* KGMusicMenu.m */; };
		C7E3ABD21BA7B1B700860734 /* main.m in Sources */ = {isa = PBXBuildFile; fileRef = C7E3ABD11BA7B1B700860734 /* main.m */; };
		C7E3ABD51BA7B1B700860734 /* AppDelegate.m in Sources */ = {isa = PBXBuildFile; fileRef = C7E3ABD41BA7B1B700860734 /* AppDelegate.m */; };
		C7E3ABD81BA7B1B700860734 /* KGKuGouPlayer.xcdatamodeld in Sources */ = {isa = PBXBuildFile; fileRef = C7E3ABD61BA7B1B700860734 /* KGKuGouPlayer.xcdatamodeld */; };
		C7E3ABDE1BA7B1B700860734 /* Main.storyboard in Resources */ = {isa = PBXBuildFile; fileRef = C7E3ABDC1BA7B1B700860734 /* Main.storyboard */; };
		C7E3ABE01BA7B1B700860734 /* Images.xcassets in Resources */ = {isa = PBXBuildFile; fileRef = C7E3ABDF1BA7B1B700860734 /* Images.xcassets */; };
		C7E3ABE31BA7B1B700860734 /* LaunchScreen.xib in Resources */ = {isa = PBXBuildFile; fileRef = C7E3ABE11BA7B1B700860734 /* LaunchScreen.xib */; };
		C7E3ABEF1BA7B1B700860734 /* KGKuGouPlayerTests.m in Sources */ = {isa = PBXBuildFile; fileRef = C7E3ABEE1BA7B1B700860734 /* KGKuGouPlayerTests.m */; };
		C7E3AC101BA7C53B00860734 /* TFBOYS - Heart.mp3 in Resources */ = {isa = PBXBuildFile; fileRef = C7E3ABFD1BA7C53B00860734 /* TFBOYS - Heart.mp3 */; };
		C7E3AC111BA7C53B00860734 /* TFBOYS - 信仰之名.mp3 in Resources */ = {isa = PBXBuildFile; fileRef = C7E3ABFE1BA7C53B00860734 /* TFBOYS - 信仰之名.mp3 */; };
		C7E3AC121BA7C53B00860734 /* TFBOYS - 幸运符号.mp3 in Resources */ = {isa = PBXBuildFile; fileRef = C7E3ABFF1BA7C53B00860734 /* TFBOYS - 幸运符号.mp3 */; };
		C7E3AC131BA7C53B00860734 /* TFBOYS - 爱出发.mp3 in Resources */ = {isa = PBXBuildFile; fileRef = C7E3AC001BA7C53B00860734 /* TFBOYS - 爱出发.mp3 */; };
		C7E3AC141BA7C53B00860734 /* TFBOYS - 青春修炼手册.mp3 in Resources */ = {isa = PBXBuildFile; fileRef = C7E3AC011BA7C53B00860734 /* TFBOYS - 青春修炼手册.mp3 */; };
		C7E3AC151BA7C53B00860734 /* TFBOYS - 魔法城堡.mp3 in Resources */ = {isa = PBXBuildFile; fileRef = C7E3AC021BA7C53B00860734 /* TFBOYS - 魔法城堡.mp3 */; };
		C7E3AC161BA7C53B00860734 /* 张杰 - 剑心.mp3 in Resources */ = {isa = PBXBuildFile; fileRef = C7E3AC031BA7C53B00860734 /* 张杰 - 剑心.mp3 */; };
		C7E3AC171BA7C53B00860734 /* 张靓颖 - 我们说好的.mp3 in Resources */ = {isa = PBXBuildFile; fileRef = C7E3AC041BA7C53B00860734 /* 张靓颖 - 我们说好的.mp3 */; };
		C7E3AC181BA7C53B00860734 /* 朴树 - 平凡之路.mp3 in Resources */ = {isa = PBXBuildFile; fileRef = C7E3AC051BA7C53B00860734 /* 朴树 - 平凡之路.mp3 */; };
		C7E3AC191BA7C53B00860734 /* 李宇春 - 1987我不知会遇见你.mp3 in Resources */ = {isa = PBXBuildFile; fileRef = C7E3AC061BA7C53B00860734 /* 李宇春 - 1987我不知会遇见你.mp3 */; };
		C7E3AC1A1BA7C53B00860734 /* 李易峰 - 剑伤.mp3 in Resources */ = {isa = PBXBuildFile; fileRef = C7E3AC071BA7C53B00860734 /* 李易峰 - 剑伤.mp3 */; };
		C7E3AC1B1BA7C53B00860734 /* 王菲 - 匆匆那年.mp3 in Resources */ = {isa = PBXBuildFile; fileRef = C7E3AC081BA7C53B00860734 /* 王菲 - 匆匆那年.mp3 */; };
		C7E3AC1C1BA7C53B00860734 /* 王蓉 - 小鸡小鸡.mp3 in Resources */ = {isa = PBXBuildFile; fileRef = C7E3AC091BA7C53B00860734 /* 王蓉 - 小鸡小鸡.mp3 */; };
		C7E3AC1D1BA7C53B00860734 /* 筷子兄弟 - 小苹果.mp3 in Resources */ = {isa = PBXBuildFile; fileRef = C7E3AC0A1BA7C53B00860734 /* 筷子兄弟 - 小苹果.mp3 */; };
		C7E3AC1E1BA7C53B00860734 /* 筷子兄弟 - 父亲.mp3 in Resources */ = {isa = PBXBuildFile; fileRef = C7E3AC0B1BA7C53B00860734 /* 筷子兄弟 - 父亲.mp3 */; };
		C7E3AC1F1BA7C53B00860734 /* 迪克牛仔 - 爱有奇迹.mp3 in Resources */ = {isa = PBXBuildFile; fileRef = C7E3AC0C1BA7C53B00860734 /* 迪克牛仔 - 爱有奇迹.mp3 */; };
		C7E3AC201BA7C53B00860734 /* 邓紫棋 - 泡沫.mp3 in Resources */ = {isa = PBXBuildFile; fileRef = C7E3AC0D1BA7C53B00860734 /* 邓紫棋 - 泡沫.mp3 */; };
		C7E3AC211BA7C53B00860734 /* 陈学冬 - 不再见.mp3 in Resources */ = {isa = PBXBuildFile; fileRef = C7E3AC0E1BA7C53B00860734 /* 陈学冬 - 不再见.mp3 */; };
		C7E3AC221BA7C53B00860734 /* 齐晨 - 咱们结婚吧.mp3 in Resources */ = {isa = PBXBuildFile; fileRef = C7E3AC0F1BA7C53B00860734 /* 齐晨 - 咱们结婚吧.mp3 */; };
		C7E3AC241BA7C54100860734 /* LocolMusicList.plist in Resources */ = {isa = PBXBuildFile; fileRef = C7E3AC231BA7C54100860734 /* LocolMusicList.plist */; };
		C7E3AC281BA7C6FD00860734 /* KGWelcomePageViewController.m in Sources */ = {isa = PBXBuildFile; fileRef = C7E3AC271BA7C6FD00860734 /* KGWelcomePageViewController.m */; };
		C7E3AC611BA800EF00860734 /* KGMainPageViewController.m in Sources */ = {isa = PBXBuildFile; fileRef = C7E3AC601BA800EF00860734 /* KGMainPageViewController.m */; };
/* End PBXBuildFile section */

/* Begin PBXContainerItemProxy section */
		C7E3ABE91BA7B1B700860734 /* PBXContainerItemProxy */ = {
			isa = PBXContainerItemProxy;
			containerPortal = C7E3ABC41BA7B1B700860734 /* Project object */;
			proxyType = 1;
			remoteGlobalIDString = C7E3ABCB1BA7B1B700860734;
			remoteInfo = KGKuGouPlayer;
		};
/* End PBXContainerItemProxy section */

/* Begin PBXFileReference section */
		C774CC6F1BAB9E550041F909 /* KGLocalMusicTableViewController.h */ = {isa = PBXFileReference; fileEncoding = 4; lastKnownFileType = sourcecode.c.h; path = KGLocalMusicTableViewController.h; sourceTree = "<group>"; };
		C774CC701BAB9E550041F909 /* KGLocalMusicTableViewController.m */ = {isa = PBXFileReference; fileEncoding = 4; lastKnownFileType = sourcecode.c.objc; path = KGLocalMusicTableViewController.m; sourceTree = "<group>"; };
		C774CC731BABA0110041F909 /* Music.h */ = {isa = PBXFileReference; fileEncoding = 4; lastKnownFileType = sourcecode.c.h; path = Music.h; sourceTree = "<group>"; };
		C774CC741BABA0110041F909 /* Music.m */ = {isa = PBXFileReference; fileEncoding = 4; lastKnownFileType = sourcecode.c.objc; path = Music.m; sourceTree = "<group>"; };
		C774CC771BABB2080041F909 /* KGPlayBar.xib */ = {isa = PBXFileReference; fileEncoding = 4; lastKnownFileType = file.xib; path = KGPlayBar.xib; sourceTree = "<group>"; };
		C774CC7C1BABB4DD0041F909 /* KGPlayBar.h */ = {isa = PBXFileReference; fileEncoding = 4; lastKnownFileType = sourcecode.c.h; path = KGPlayBar.h; sourceTree = "<group>"; };
		C774CC7D1BABB4DD0041F909 /* KGPlayBar.m */ = {isa = PBXFileReference; fileEncoding = 4; lastKnownFileType = sourcecode.c.objc; path = KGPlayBar.m; sourceTree = "<group>"; };
		C774CC7F1BABB7710041F909 /* NSString+MoreExtensions.h */ = {isa = PBXFileReference; fileEncoding = 4; lastKnownFileType = sourcecode.c.h; path = "NSString+MoreExtensions.h"; sourceTree = "<group>"; };
		C774CC801BABB7710041F909 /* NSString+MoreExtensions.m */ = {isa = PBXFileReference; fileEncoding = 4; lastKnownFileType = sourcecode.c.objc; path = "NSString+MoreExtensions.m"; sourceTree = "<group>"; };
		C774CC821BABB7840041F909 /* UIView+Extension.h */ = {isa = PBXFileReference; fileEncoding = 4; lastKnownFileType = sourcecode.c.h; path = "UIView+Extension.h"; sourceTree = "<group>"; };
		C774CC831BABB7840041F909 /* UIView+Extension.m */ = {isa = PBXFileReference; fileEncoding = 4; lastKnownFileType = sourcecode.c.objc; path = "UIView+Extension.m"; sourceTree = "<group>"; };
		C785571F1BAA61EE00F929AD /* KGMusicCellStatusModel.h */ = {isa = PBXFileReference; fileEncoding = 4; lastKnownFileType = sourcecode.c.h; path = KGMusicCellStatusModel.h; sourceTree = "<group>"; };
		C78557201BAA61EE00F929AD /* KGMusicCellStatusModel.m */ = {isa = PBXFileReference; fileEncoding = 4; lastKnownFileType = sourcecode.c.objc; path = KGMusicCellStatusModel.m; sourceTree = "<group>"; };
		C78557271BAA634800F929AD /* KGMainPageMusicTableViewCell.h */ = {isa = PBXFileReference; fileEncoding = 4; lastKnownFileType = sourcecode.c.h; path = KGMainPageMusicTableViewCell.h; sourceTree = "<group>"; };
		C78557281BAA634800F929AD /* KGMainPageMusicTableViewCell.m */ = {isa = PBXFileReference; fileEncoding = 4; lastKnownFileType = sourcecode.c.objc; path = KGMainPageMusicTableViewCell.m; sourceTree = "<group>"; };
		C785572A1BAA8F7800F929AD /* MoreList.plist */ = {isa = PBXFileReference; fileEncoding = 4; lastKnownFileType = text.plist.xml; path = MoreList.plist; sourceTree = "<group>"; };
		C785572B1BAA8F7800F929AD /* MyMusicSelList.plist */ = {isa = PBXFileReference; fileEncoding = 4; lastKnownFileType = text.plist.xml; path = MyMusicSelList.plist; sourceTree = "<group>"; };
		C785572C1BAA8F7800F929AD /* webMusicList.plist */ = {isa = PBXFileReference; fileEncoding = 4; lastKnownFileType = text.plist.xml; path = webMusicList.plist; sourceTree = "<group>"; };
		C78C75A01BB0E8900019C49A /* NEUButton.h */ = {isa = PBXFileReference; fileEncoding = 4; lastKnownFileType = sourcecode.c.h; path = NEUButton.h; sourceTree = "<group>"; };
		C78C75A11BB0E8900019C49A /* NEUButton.m */ = {isa = PBXFileReference; fileEncoding = 4; lastKnownFileType = sourcecode.c.objc; path = NEUButton.m; sourceTree = "<group>"; };
		C78C75A31BB0FED20019C49A /* CoreDataMngTool.h */ = {isa = PBXFileReference; fileEncoding = 4; lastKnownFileType = sourcecode.c.h; path = CoreDataMngTool.h; sourceTree = "<group>"; };
		C78C75A41BB0FED20019C49A /* CoreDataMngTool.m */ = {isa = PBXFileReference; fileEncoding = 4; lastKnownFileType = sourcecode.c.objc; path = CoreDataMngTool.m; sourceTree = "<group>"; };
		C7C6C22D1BAF93CA002F4E19 /* KGMusicTableViewCell.h */ = {isa = PBXFileReference; fileEncoding = 4; lastKnownFileType = sourcecode.c.h; path = KGMusicTableViewCell.h; sourceTree = "<group>"; };
		C7C6C22E1BAF93CA002F4E19 /* KGMusicTableViewCell.m */ = {isa = PBXFileReference; fileEncoding = 4; lastKnownFileType = sourcecode.c.objc; path = KGMusicTableViewCell.m; sourceTree = "<group>"; };
		C7C6C2311BAFB301002F4E19 /* KGMusicMenu.h */ = {isa = PBXFileReference; fileEncoding = 4; lastKnownFileType = sourcecode.c.h; path = KGMusicMenu.h; sourceTree = "<group>"; };
		C7C6C2321BAFB301002F4E19 /* KGMusicMenu.m */ = {isa = PBXFileReference; fileEncoding = 4; lastKnownFileType = sourcecode.c.objc; path = KGMusicMenu.m; sourceTree = "<group>"; };
		C7E3ABCC1BA7B1B700860734 /* KGKuGouPlayer.app */ = {isa = PBXFileReference; explicitFileType = wrapper.application; includeInIndex = 0; path = KGKuGouPlayer.app; sourceTree = BUILT_PRODUCTS_DIR; };
		C7E3ABD01BA7B1B700860734 /* Info.plist */ = {isa = PBXFileReference; lastKnownFileType = text.plist.xml; path = Info.plist; sourceTree = "<group>"; };
		C7E3ABD11BA7B1B700860734 /* main.m */ = {isa = PBXFileReference; lastKnownFileType = sourcecode.c.objc; path = main.m; sourceTree = "<group>"; };
		C7E3ABD31BA7B1B700860734 /* AppDelegate.h */ = {isa = PBXFileReference; lastKnownFileType = sourcecode.c.h; path = AppDelegate.h; sourceTree = "<group>"; };
		C7E3ABD41BA7B1B700860734 /* AppDelegate.m */ = {isa = PBXFileReference; lastKnownFileType = sourcecode.c.objc; path = AppDelegate.m; sourceTree = "<group>"; };
		C7E3ABD71BA7B1B700860734 /* KGKuGouPlayer.xcdatamodel */ = {isa = PBXFileReference; lastKnownFileType = wrapper.xcdatamodel; path = KGKuGouPlayer.xcdatamodel; sourceTree = "<group>"; };
		C7E3ABDD1BA7B1B700860734 /* Base */ = {isa = PBXFileReference; lastKnownFileType = file.storyboard; name = Base; path = Base.lproj/Main.storyboard; sourceTree = "<group>"; };
		C7E3ABDF1BA7B1B700860734 /* Images.xcassets */ = {isa = PBXFileReference; lastKnownFileType = folder.assetcatalog; path = Images.xcassets; sourceTree = "<group>"; };
		C7E3ABE21BA7B1B700860734 /* Base */ = {isa = PBXFileReference; lastKnownFileType = file.xib; name = Base; path = Base.lproj/LaunchScreen.xib; sourceTree = "<group>"; };
		C7E3ABE81BA7B1B700860734 /* KGKuGouPlayerTests.xctest */ = {isa = PBXFileReference; explicitFileType = wrapper.cfbundle; includeInIndex = 0; path = KGKuGouPlayerTests.xctest; sourceTree = BUILT_PRODUCTS_DIR; };
		C7E3ABED1BA7B1B700860734 /* Info.plist */ = {isa = PBXFileReference; lastKnownFileType = text.plist.xml; path = Info.plist; sourceTree = "<group>"; };
		C7E3ABEE1BA7B1B700860734 /* KGKuGouPlayerTests.m */ = {isa = PBXFileReference; lastKnownFileType = sourcecode.c.objc; path = KGKuGouPlayerTests.m; sourceTree = "<group>"; };
		C7E3ABFD1BA7C53B00860734 /* TFBOYS - Heart.mp3 */ = {isa = PBXFileReference; lastKnownFileType = audio.mp3; path = "TFBOYS - Heart.mp3"; sourceTree = "<group>"; };
		C7E3ABFE1BA7C53B00860734 /* TFBOYS - 信仰之名.mp3 */ = {isa = PBXFileReference; lastKnownFileType = audio.mp3; path = "TFBOYS - 信仰之名.mp3"; sourceTree = "<group>"; };
		C7E3ABFF1BA7C53B00860734 /* TFBOYS - 幸运符号.mp3 */ = {isa = PBXFileReference; lastKnownFileType = audio.mp3; path = "TFBOYS - 幸运符号.mp3"; sourceTree = "<group>"; };
		C7E3AC001BA7C53B00860734 /* TFBOYS - 爱出发.mp3 */ = {isa = PBXFileReference; lastKnownFileType = audio.mp3; path = "TFBOYS - 爱出发.mp3"; sourceTree = "<group>"; };
		C7E3AC011BA7C53B00860734 /* TFBOYS - 青春修炼手册.mp3 */ = {isa = PBXFileReference; lastKnownFileType = audio.mp3; path = "TFBOYS - 青春修炼手册.mp3"; sourceTree = "<group>"; };
		C7E3AC021BA7C53B00860734 /* TFBOYS - 魔法城堡.mp3 */ = {isa = PBXFileReference; lastKnownFileType = audio.mp3; path = "TFBOYS - 魔法城堡.mp3"; sourceTree = "<group>"; };
		C7E3AC031BA7C53B00860734 /* 张杰 - 剑心.mp3 */ = {isa = PBXFileReference; lastKnownFileType = audio.mp3; path = "张杰 - 剑心.mp3"; sourceTree = "<group>"; };
		C7E3AC041BA7C53B00860734 /* 张靓颖 - 我们说好的.mp3 */ = {isa = PBXFileReference; lastKnownFileType = audio.mp3; path = "张靓颖 - 我们说好的.mp3"; sourceTree = "<group>"; };
		C7E3AC051BA7C53B00860734 /* 朴树 - 平凡之路.mp3 */ = {isa = PBXFileReference; lastKnownFileType = audio.mp3; path = "朴树 - 平凡之路.mp3"; sourceTree = "<group>"; };
		C7E3AC061BA7C53B00860734 /* 李宇春 - 1987我不知会遇见你.mp3 */ = {isa = PBXFileReference; lastKnownFileType = audio.mp3; path = "李宇春 - 1987我不知会遇见你.mp3"; sourceTree = "<group>"; };
		C7E3AC071BA7C53B00860734 /* 李易峰 - 剑伤.mp3 */ = {isa = PBXFileReference; lastKnownFileType = audio.mp3; path = "李易峰 - 剑伤.mp3"; sourceTree = "<group>"; };
		C7E3AC081BA7C53B00860734 /* 王菲 - 匆匆那年.mp3 */ = {isa = PBXFileReference; lastKnownFileType = audio.mp3; path = "王菲 - 匆匆那年.mp3"; sourceTree = "<group>"; };
		C7E3AC091BA7C53B00860734 /* 王蓉 - 小鸡小鸡.mp3 */ = {isa = PBXFileReference; lastKnownFileType = audio.mp3; path = "王蓉 - 小鸡小鸡.mp3"; sourceTree = "<group>"; };
		C7E3AC0A1BA7C53B00860734 /* 筷子兄弟 - 小苹果.mp3 */ = {isa = PBXFileReference; lastKnownFileType = audio.mp3; path = "筷子兄弟 - 小苹果.mp3"; sourceTree = "<group>"; };
		C7E3AC0B1BA7C53B00860734 /* 筷子兄弟 - 父亲.mp3 */ = {isa = PBXFileReference; lastKnownFileType = audio.mp3; path = "筷子兄弟 - 父亲.mp3"; sourceTree = "<group>"; };
		C7E3AC0C1BA7C53B00860734 /* 迪克牛仔 - 爱有奇迹.mp3 */ = {isa = PBXFileReference; lastKnownFileType = audio.mp3; path = "迪克牛仔 - 爱有奇迹.mp3"; sourceTree = "<group>"; };
		C7E3AC0D1BA7C53B00860734 /* 邓紫棋 - 泡沫.mp3 */ = {isa = PBXFileReference; lastKnownFileType = audio.mp3; path = "邓紫棋 - 泡沫.mp3"; sourceTree = "<group>"; };
		C7E3AC0E1BA7C53B00860734 /* 陈学冬 - 不再见.mp3 */ = {isa = PBXFileReference; lastKnownFileType = audio.mp3; path = "陈学冬 - 不再见.mp3"; sourceTree = "<group>"; };
		C7E3AC0F1BA7C53B00860734 /* 齐晨 - 咱们结婚吧.mp3 */ = {isa = PBXFileReference; lastKnownFileType = audio.mp3; path = "齐晨 - 咱们结婚吧.mp3"; sourceTree = "<group>"; };
		C7E3AC231BA7C54100860734 /* LocolMusicList.plist */ = {isa = PBXFileReference; fileEncoding = 4; lastKnownFileType = text.plist.xml; name = LocolMusicList.plist; path = mp3/LocolMusicList.plist; sourceTree = "<group>"; };
		C7E3AC261BA7C6FD00860734 /* KGWelcomePageViewController.h */ = {isa = PBXFileReference; fileEncoding = 4; lastKnownFileType = sourcecode.c.h; path = KGWelcomePageViewController.h; sourceTree = "<group>"; };
		C7E3AC271BA7C6FD00860734 /* KGWelcomePageViewController.m */ = {isa = PBXFileReference; fileEncoding = 4; lastKnownFileType = sourcecode.c.objc; path = KGWelcomePageViewController.m; sourceTree = "<group>"; };
		C7E3AC5F1BA800EF00860734 /* KGMainPageViewController.h */ = {isa = PBXFileReference; fileEncoding = 4; lastKnownFileType = sourcecode.c.h; path = KGMainPageViewController.h; sourceTree = "<group>"; };
		C7E3AC601BA800EF00860734 /* KGMainPageViewController.m */ = {isa = PBXFileReference; fileEncoding = 4; lastKnownFileType = sourcecode.c.objc; path = KGMainPageViewController.m; sourceTree = "<group>"; };
/* End PBXFileReference section */

/* Begin PBXFrameworksBuildPhase section */
		C7E3ABC91BA7B1B700860734 /* Frameworks */ = {
			isa = PBXFrameworksBuildPhase;
			buildActionMask = 2147483647;
			files = (
			);
			runOnlyForDeploymentPostprocessing = 0;
		};
		C7E3ABE51BA7B1B700860734 /* Frameworks */ = {
			isa = PBXFrameworksBuildPhase;
			buildActionMask = 2147483647;
			files = (
			);
			runOnlyForDeploymentPostprocessing = 0;
		};
/* End PBXFrameworksBuildPhase section */

/* Begin PBXGroup section */
		C774CC6E1BAB9E390041F909 /* LocalMusic */ = {
			isa = PBXGroup;
			children = (
				C774CC6F1BAB9E550041F909 /* KGLocalMusicTableViewController.h */,
				C774CC701BAB9E550041F909 /* KGLocalMusicTableViewController.m */,
			);
			name = LocalMusic;
			sourceTree = "<group>";
		};
		C774CC721BAB9FF80041F909 /* LocalMusic */ = {
			isa = PBXGroup;
			children = (
				C774CC731BABA0110041F909 /* Music.h */,
				C774CC741BABA0110041F909 /* Music.m */,
			);
			name = LocalMusic;
			sourceTree = "<group>";
		};
		C774CC761BABB1DF0041F909 /* Common */ = {
			isa = PBXGroup;
			children = (
				C774CC771BABB2080041F909 /* KGPlayBar.xib */,
				C774CC7C1BABB4DD0041F909 /* KGPlayBar.h */,
				C774CC7D1BABB4DD0041F909 /* KGPlayBar.m */,
				C7C6C22D1BAF93CA002F4E19 /* KGMusicTableViewCell.h */,
				C7C6C22E1BAF93CA002F4E19 /* KGMusicTableViewCell.m */,
				C7C6C2311BAFB301002F4E19 /* KGMusicMenu.h */,
				C7C6C2321BAFB301002F4E19 /* KGMusicMenu.m */,
				C78C75A01BB0E8900019C49A /* NEUButton.h */,
				C78C75A11BB0E8900019C49A /* NEUButton.m */,
			);
			name = Common;
			sourceTree = "<group>";
		};
		C78557221BAA62A800F929AD /* MainPage */ = {
			isa = PBXGroup;
			children = (
				C785571F1BAA61EE00F929AD /* KGMusicCellStatusModel.h */,
				C78557201BAA61EE00F929AD /* KGMusicCellStatusModel.m */,
			);
			name = MainPage;
			sourceTree = "<group>";
		};
		C78557231BAA62E600F929AD /* MainPage */ = {
			isa = PBXGroup;
			children = (
				C78557271BAA634800F929AD /* KGMainPageMusicTableViewCell.h */,
				C78557281BAA634800F929AD /* KGMainPageMusicTableViewCell.m */,
			);
			name = MainPage;
			sourceTree = "<group>";
		};
		C78C75A61BB0FEDA0019C49A /* Tools */ = {
			isa = PBXGroup;
			children = (
				C78C75A31BB0FED20019C49A /* CoreDataMngTool.h */,
				C78C75A41BB0FED20019C49A /* CoreDataMngTool.m */,
			);
			name = Tools;
			sourceTree = "<group>";
		};
		C78C75A71BB106850019C49A /* Category */ = {
			isa = PBXGroup;
			children = (
				C774CC821BABB7840041F909 /* UIView+Extension.h */,
				C774CC831BABB7840041F909 /* UIView+Extension.m */,
				C774CC7F1BABB7710041F909 /* NSString+MoreExtensions.h */,
				C774CC801BABB7710041F909 /* NSString+MoreExtensions.m */,
			);
			name = Category;
			sourceTree = "<group>";
		};
		C78C75A81BB106990019C49A /* Delegate */ = {
			isa = PBXGroup;
			children = (
				C7E3ABD31BA7B1B700860734 /* AppDelegate.h */,
				C7E3ABD41BA7B1B700860734 /* AppDelegate.m */,
			);
			name = Delegate;
			sourceTree = "<group>";
		};
		C7E3ABC31BA7B1B700860734 = {
			isa = PBXGroup;
			children = (
				C7E3ABCE1BA7B1B700860734 /* KGKuGouPlayer */,
				C7E3ABEB1BA7B1B700860734 /* KGKuGouPlayerTests */,
				C7E3ABCD1BA7B1B700860734 /* Products */,
			);
			sourceTree = "<group>";
		};
		C7E3ABCD1BA7B1B700860734 /* Products */ = {
			isa = PBXGroup;
			children = (
				C7E3ABCC1BA7B1B700860734 /* KGKuGouPlayer.app */,
				C7E3ABE81BA7B1B700860734 /* KGKuGouPlayerTests.xctest */,
			);
			name = Products;
			sourceTree = "<group>";
		};
		C7E3ABCE1BA7B1B700860734 /* KGKuGouPlayer */ = {
			isa = PBXGroup;
			children = (
				C7E3ABF81BA7B39400860734 /* Models */,
				C7E3ABF91BA7B3B100860734 /* Views */,
				C7E3ABFA1BA7B3B700860734 /* Controllers */,
				C7E3ABFB1BA7B3D500860734 /* Others */,
				C7E3ABDC1BA7B1B700860734 /* Main.storyboard */,
				C7E3ABDF1BA7B1B700860734 /* Images.xcassets */,
				C7E3ABE11BA7B1B700860734 /* LaunchScreen.xib */,
				C7E3ABD61BA7B1B700860734 /* KGKuGouPlayer.xcdatamodeld */,
				C7E3ABCF1BA7B1B700860734 /* Supporting Files */,
			);
			path = KGKuGouPlayer;
			sourceTree = "<group>";
		};
		C7E3ABCF1BA7B1B700860734 /* Supporting Files */ = {
			isa = PBXGroup;
			children = (
				C7E3ABFC1BA7C53B00860734 /* mp3 */,
				C7E3AC231BA7C54100860734 /* LocolMusicList.plist */,
				C785572A1BAA8F7800F929AD /* MoreList.plist */,
				C785572B1BAA8F7800F929AD /* MyMusicSelList.plist */,
				C785572C1BAA8F7800F929AD /* webMusicList.plist */,
				C7E3ABD01BA7B1B700860734 /* Info.plist */,
				C7E3ABD11BA7B1B700860734 /* main.m */,
			);
			name = "Supporting Files";
			sourceTree = "<group>";
		};
		C7E3ABEB1BA7B1B700860734 /* KGKuGouPlayerTests */ = {
			isa = PBXGroup;
			children = (
				C7E3ABEE1BA7B1B700860734 /* KGKuGouPlayerTests.m */,
				C7E3ABEC1BA7B1B700860734 /* Supporting Files */,
			);
			path = KGKuGouPlayerTests;
			sourceTree = "<group>";
		};
		C7E3ABEC1BA7B1B700860734 /* Supporting Files */ = {
			isa = PBXGroup;
			children = (
				C7E3ABED1BA7B1B700860734 /* Info.plist */,
			);
			name = "Supporting Files";
			sourceTree = "<group>";
		};
		C7E3ABF81BA7B39400860734 /* Models */ = {
			isa = PBXGroup;
			children = (
				C774CC721BAB9FF80041F909 /* LocalMusic */,
				C78557221BAA62A800F929AD /* MainPage */,
			);
			name = Models;
			sourceTree = "<group>";
		};
		C7E3ABF91BA7B3B100860734 /* Views */ = {
			isa = PBXGroup;
			children = (
				C774CC761BABB1DF0041F909 /* Common */,
				C78557231BAA62E600F929AD /* MainPage */,
			);
			name = Views;
			sourceTree = "<group>";
		};
		C7E3ABFA1BA7B3B700860734 /* Controllers */ = {
			isa = PBXGroup;
			children = (
				C774CC6E1BAB9E390041F909 /* LocalMusic */,
				C7E3AC251BA7C6BA00860734 /* WelcomePage */,
				C7E3AC5E1BA800C200860734 /* MainPage */,
			);
			name = Controllers;
			sourceTree = "<group>";
		};
		C7E3ABFB1BA7B3D500860734 /* Others */ = {
			isa = PBXGroup;
			children = (
				C78C75A81BB106990019C49A /* Delegate */,
				C78C75A71BB106850019C49A /* Category */,
				C78C75A61BB0FEDA0019C49A /* Tools */,
			);
			name = Others;
			sourceTree = "<group>";
		};
		C7E3ABFC1BA7C53B00860734 /* mp3 */ = {
			isa = PBXGroup;
			children = (
				C7E3ABFD1BA7C53B00860734 /* TFBOYS - Heart.mp3 */,
				C7E3ABFE1BA7C53B00860734 /* TFBOYS - 信仰之名.mp3 */,
				C7E3ABFF1BA7C53B00860734 /* TFBOYS - 幸运符号.mp3 */,
				C7E3AC001BA7C53B00860734 /* TFBOYS - 爱出发.mp3 */,
				C7E3AC011BA7C53B00860734 /* TFBOYS - 青春修炼手册.mp3 */,
				C7E3AC021BA7C53B00860734 /* TFBOYS - 魔法城堡.mp3 */,
				C7E3AC031BA7C53B00860734 /* 张杰 - 剑心.mp3 */,
				C7E3AC041BA7C53B00860734 /* 张靓颖 - 我们说好的.mp3 */,
				C7E3AC051BA7C53B00860734 /* 朴树 - 平凡之路.mp3 */,
				C7E3AC061BA7C53B00860734 /* 李宇春 - 1987我不知会遇见你.mp3 */,
				C7E3AC071BA7C53B00860734 /* 李易峰 - 剑伤.mp3 */,
				C7E3AC081BA7C53B00860734 /* 王菲 - 匆匆那年.mp3 */,
				C7E3AC091BA7C53B00860734 /* 王蓉 - 小鸡小鸡.mp3 */,
				C7E3AC0A1BA7C53B00860734 /* 筷子兄弟 - 小苹果.mp3 */,
				C7E3AC0B1BA7C53B00860734 /* 筷子兄弟 - 父亲.mp3 */,
				C7E3AC0C1BA7C53B00860734 /* 迪克牛仔 - 爱有奇迹.mp3 */,
				C7E3AC0D1BA7C53B00860734 /* 邓紫棋 - 泡沫.mp3 */,
				C7E3AC0E1BA7C53B00860734 /* 陈学冬 - 不再见.mp3 */,
				C7E3AC0F1BA7C53B00860734 /* 齐晨 - 咱们结婚吧.mp3 */,
			);
			path = mp3;
			sourceTree = "<group>";
		};
		C7E3AC251BA7C6BA00860734 /* WelcomePage */ = {
			isa = PBXGroup;
			children = (
				C7E3AC261BA7C6FD00860734 /* KGWelcomePageViewController.h */,
				C7E3AC271BA7C6FD00860734 /* KGWelcomePageViewController.m */,
			);
			name = WelcomePage;
			sourceTree = "<group>";
		};
		C7E3AC5E1BA800C200860734 /* MainPage */ = {
			isa = PBXGroup;
			children = (
				C7E3AC5F1BA800EF00860734 /* KGMainPageViewController.h */,
				C7E3AC601BA800EF00860734 /* KGMainPageViewController.m */,
			);
			name = MainPage;
			sourceTree = "<group>";
		};
/* End PBXGroup section */

/* Begin PBXNativeTarget section */
		C7E3ABCB1BA7B1B700860734 /* KGKuGouPlayer */ = {
			isa = PBXNativeTarget;
			buildConfigurationList = C7E3ABF21BA7B1B700860734 /* Build configuration list for PBXNativeTarget "KGKuGouPlayer" */;
			buildPhases = (
				C7E3ABC81BA7B1B700860734 /* Sources */,
				C7E3ABC91BA7B1B700860734 /* Frameworks */,
				C7E3ABCA1BA7B1B700860734 /* Resources */,
			);
			buildRules = (
			);
			dependencies = (
			);
			name = KGKuGouPlayer;
			productName = KGKuGouPlayer;
			productReference = C7E3ABCC1BA7B1B700860734 /* KGKuGouPlayer.app */;
			productType = "com.apple.product-type.application";
		};
		C7E3ABE71BA7B1B700860734 /* KGKuGouPlayerTests */ = {
			isa = PBXNativeTarget;
			buildConfigurationList = C7E3ABF51BA7B1B700860734 /* Build configuration list for PBXNativeTarget "KGKuGouPlayerTests" */;
			buildPhases = (
				C7E3ABE41BA7B1B700860734 /* Sources */,
				C7E3ABE51BA7B1B700860734 /* Frameworks */,
				C7E3ABE61BA7B1B700860734 /* Resources */,
			);
			buildRules = (
			);
			dependencies = (
				C7E3ABEA1BA7B1B700860734 /* PBXTargetDependency */,
			);
			name = KGKuGouPlayerTests;
			productName = KGKuGouPlayerTests;
			productReference = C7E3ABE81BA7B1B700860734 /* KGKuGouPlayerTests.xctest */;
			productType = "com.apple.product-type.bundle.unit-test";
		};
/* End PBXNativeTarget section */

/* Begin PBXProject section */
		C7E3ABC41BA7B1B700860734 /* Project object */ = {
			isa = PBXProject;
			attributes = {
				LastUpgradeCheck = 0630;
				ORGANIZATIONNAME = neuedu;
				TargetAttributes = {
					C7E3ABCB1BA7B1B700860734 = {
						CreatedOnToolsVersion = 6.3.2;
					};
					C7E3ABE71BA7B1B700860734 = {
						CreatedOnToolsVersion = 6.3.2;
						TestTargetID = C7E3ABCB1BA7B1B700860734;
					};
				};
			};
			buildConfigurationList = C7E3ABC71BA7B1B700860734 /* Build configuration list for PBXProject "KGKuGouPlayer" */;
			compatibilityVersion = "Xcode 3.2";
			developmentRegion = English;
			hasScannedForEncodings = 0;
			knownRegions = (
				en,
				Base,
			);
			mainGroup = C7E3ABC31BA7B1B700860734;
			productRefGroup = C7E3ABCD1BA7B1B700860734 /* Products */;
			projectDirPath = "";
			projectRoot = "";
			targets = (
				C7E3ABCB1BA7B1B700860734 /* KGKuGouPlayer */,
				C7E3ABE71BA7B1B700860734 /* KGKuGouPlayerTests */,
			);
		};
/* End PBXProject section */

/* Begin PBXResourcesBuildPhase section */
		C7E3ABCA1BA7B1B700860734 /* Resources */ = {
			isa = PBXResourcesBuildPhase;
			buildActionMask = 2147483647;
			files = (
				C7E3AC121BA7C53B00860734 /* TFBOYS - 幸运符号.mp3 in Resources */,
				C7E3AC131BA7C53B00860734 /* TFBOYS - 爱出发.mp3 in Resources */,
				C7E3AC241BA7C54100860734 /* LocolMusicList.plist in Resources */,
				C7E3AC101BA7C53B00860734 /* TFBOYS - Heart.mp3 in Resources */,
				C7E3ABDE1BA7B1B700860734 /* Main.storyboard in Resources */,
				C7E3AC221BA7C53B00860734 /* 齐晨 - 咱们结婚吧.mp3 in Resources */,
				C7E3AC161BA7C53B00860734 /* 张杰 - 剑心.mp3 in Resources */,
				C7E3AC1A1BA7C53B00860734 /* 李易峰 - 剑伤.mp3 in Resources */,
				C7E3AC1E1BA7C53B00860734 /* 筷子兄弟 - 父亲.mp3 in Resources */,
				C7E3AC1B1BA7C53B00860734 /* 王菲 - 匆匆那年.mp3 in Resources */,
				C7E3AC201BA7C53B00860734 /* 邓紫棋 - 泡沫.mp3 in Resources */,
				C7E3AC211BA7C53B00860734 /* 陈学冬 - 不再见.mp3 in Resources */,
				C7E3AC151BA7C53B00860734 /* TFBOYS - 魔法城堡.mp3 in Resources */,
				C7E3AC111BA7C53B00860734 /* TFBOYS - 信仰之名.mp3 in Resources */,
				C7E3AC191BA7C53B00860734 /* 李宇春 - 1987我不知会遇见你.mp3 in Resources */,
				C785572D1BAA8F7800F929AD /* MoreList.plist in Resources */,
				C774CC781BABB2080041F909 /* KGPlayBar.xib in Resources */,
				C7E3AC181BA7C53B00860734 /* 朴树 - 平凡之路.mp3 in Resources */,
				C7E3AC1F1BA7C53B00860734 /* 迪克牛仔 - 爱有奇迹.mp3 in Resources */,
				C7E3AC141BA7C53B00860734 /* TFBOYS - 青春修炼手册.mp3 in Resources */,
				C7E3AC1C1BA7C53B00860734 /* 王蓉 - 小鸡小鸡.mp3 in Resources */,
				C7E3AC171BA7C53B00860734 /* 张靓颖 - 我们说好的.mp3 in Resources */,
				C785572E1BAA8F7800F929AD /* MyMusicSelList.plist in Resources */,
				C7E3ABE31BA7B1B700860734 /* LaunchScreen.xib in Resources */,
				C785572F1BAA8F7800F929AD /* webMusicList.plist in Resources */,
				C7E3AC1D1BA7C53B00860734 /* 筷子兄弟 - 小苹果.mp3 in Resources */,
				C7E3ABE01BA7B1B700860734 /* Images.xcassets in Resources */,
			);
			runOnlyForDeploymentPostprocessing = 0;
		};
		C7E3ABE61BA7B1B700860734 /* Resources */ = {
			isa = PBXResourcesBuildPhase;
			buildActionMask = 2147483647;
			files = (
			);
			runOnlyForDeploymentPostprocessing = 0;
		};
/* End PBXResourcesBuildPhase section */

/* Begin PBXSourcesBuildPhase section */
		C7E3ABC81BA7B1B700860734 /* Sources */ = {
			isa = PBXSourcesBuildPhase;
			buildActionMask = 2147483647;
			files = (
				C774CC751BABA0110041F909 /* Music.m in Sources */,
				C7C6C22F1BAF93CA002F4E19 /* KGMusicTableViewCell.m in Sources */,
				C7E3ABD51BA7B1B700860734 /* AppDelegate.m in Sources */,
				C78557211BAA61EE00F929AD /* KGMusicCellStatusModel.m in Sources */,
				C78C75A21BB0E8900019C49A /* NEUButton.m in Sources */,
				C774CC7E1BABB4DD0041F909 /* KGPlayBar.m in Sources */,
				C7E3ABD21BA7B1B700860734 /* main.m in Sources */,
				C7C6C2331BAFB301002F4E19 /* KGMusicMenu.m in Sources */,
				C774CC711BAB9E550041F909 /* KGLocalMusicTableViewController.m in Sources */,
				C774CC841BABB7840041F909 /* UIView+Extension.m in Sources */,
				C7E3AC281BA7C6FD00860734 /* KGWelcomePageViewController.m in Sources */,
				C7E3AC611BA800EF00860734 /* KGMainPageViewController.m in Sources */,
				C78557291BAA634800F929AD /* KGMainPageMusicTableViewCell.m in Sources */,
				C774CC811BABB7710041F909 /* NSString+MoreExtensions.m in Sources */,
				C7E3ABD81BA7B1B700860734 /* KGKuGouPlayer.xcdatamodeld in Sources */,
				C78C75A51BB0FED20019C49A /* CoreDataMngTool.m in Sources */,
			);
			runOnlyForDeploymentPostprocessing = 0;
		};
		C7E3ABE41BA7B1B700860734 /* Sources */ = {
			isa = PBXSourcesBuildPhase;
			buildActionMask = 2147483647;
			files = (
				C7E3ABEF1BA7B1B700860734 /* KGKuGouPlayerTests.m in Sources */,
			);
			runOnlyForDeploymentPostprocessing = 0;
		};
/* End PBXSourcesBuildPhase section */

/* Begin PBXTargetDependency section */
		C7E3ABEA1BA7B1B700860734 /* PBXTargetDependency */ = {
			isa = PBXTargetDependency;
			target = C7E3ABCB1BA7B1B700860734 /* KGKuGouPlayer */;
			targetProxy = C7E3ABE91BA7B1B700860734 /* PBXContainerItemProxy */;
		};
/* End PBXTargetDependency section */

/* Begin PBXVariantGroup section */
		C7E3ABDC1BA7B1B700860734 /* Main.storyboard */ = {
			isa = PBXVariantGroup;
			children = (
				C7E3ABDD1BA7B1B700860734 /* Base */,
			);
			name = Main.storyboard;
			sourceTree = "<group>";
		};
		C7E3ABE11BA7B1B700860734 /* LaunchScreen.xib */ = {
			isa = PBXVariantGroup;
			children = (
				C7E3ABE21BA7B1B700860734 /* Base */,
			);
			name = LaunchScreen.xib;
			sourceTree = "<group>";
		};
/* End PBXVariantGroup section */

/* Begin XCBuildConfiguration section */
		C7E3ABF01BA7B1B700860734 /* Debug */ = {
			isa = XCBuildConfiguration;
			buildSettings = {
				ALWAYS_SEARCH_USER_PATHS = NO;
				CLANG_CXX_LANGUAGE_STANDARD = "gnu++0x";
				CLANG_CXX_LIBRARY = "libc++";
				CLANG_ENABLE_MODULES = YES;
				CLANG_ENABLE_OBJC_ARC = YES;
				CLANG_WARN_BOOL_CONVERSION = YES;
				CLANG_WARN_CONSTANT_CONVERSION = YES;
				CLANG_WARN_DIRECT_OBJC_ISA_USAGE = YES_ERROR;
				CLANG_WARN_EMPTY_BODY = YES;
				CLANG_WARN_ENUM_CONVERSION = YES;
				CLANG_WARN_INT_CONVERSION = YES;
				CLANG_WARN_OBJC_ROOT_CLASS = YES_ERROR;
				CLANG_WARN_UNREACHABLE_CODE = YES;
				CLANG_WARN__DUPLICATE_METHOD_MATCH = YES;
				"CODE_SIGN_IDENTITY[sdk=iphoneos*]" = "iPhone Developer";
				COPY_PHASE_STRIP = NO;
				DEBUG_INFORMATION_FORMAT = "dwarf-with-dsym";
				ENABLE_STRICT_OBJC_MSGSEND = YES;
				GCC_C_LANGUAGE_STANDARD = gnu99;
				GCC_DYNAMIC_NO_PIC = NO;
				GCC_NO_COMMON_BLOCKS = YES;
				GCC_OPTIMIZATION_LEVEL = 0;
				GCC_PREPROCESSOR_DEFINITIONS = (
					"DEBUG=1",
					"$(inherited)",
				);
				GCC_SYMBOLS_PRIVATE_EXTERN = NO;
				GCC_WARN_64_TO_32_BIT_CONVERSION = YES;
				GCC_WARN_ABOUT_RETURN_TYPE = YES_ERROR;
				GCC_WARN_UNDECLARED_SELECTOR = YES;
				GCC_WARN_UNINITIALIZED_AUTOS = YES_AGGRESSIVE;
				GCC_WARN_UNUSED_FUNCTION = YES;
				GCC_WARN_UNUSED_VARIABLE = YES;
				IPHONEOS_DEPLOYMENT_TARGET = 8.3;
				MTL_ENABLE_DEBUG_INFO = YES;
				ONLY_ACTIVE_ARCH = YES;
				SDKROOT = iphoneos;
			};
			name = Debug;
		};
		C7E3ABF11BA7B1B700860734 /* Release */ = {
			isa = XCBuildConfiguration;
			buildSettings = {
				ALWAYS_SEARCH_USER_PATHS = NO;
				CLANG_CXX_LANGUAGE_STANDARD = "gnu++0x";
				CLANG_CXX_LIBRARY = "libc++";
				CLANG_ENABLE_MODULES = YES;
				CLANG_ENABLE_OBJC_ARC = YES;
				CLANG_WARN_BOOL_CONVERSION = YES;
				CLANG_WARN_CONSTANT_CONVERSION = YES;
				CLANG_WARN_DIRECT_OBJC_ISA_USAGE = YES_ERROR;
				CLANG_WARN_EMPTY_BODY = YES;
				CLANG_WARN_ENUM_CONVERSION = YES;
				CLANG_WARN_INT_CONVERSION = YES;
				CLANG_WARN_OBJC_ROOT_CLASS = YES_ERROR;
				CLANG_WARN_UNREACHABLE_CODE = YES;
				CLANG_WARN__DUPLICATE_METHOD_MATCH = YES;
				"CODE_SIGN_IDENTITY[sdk=iphoneos*]" = "iPhone Developer";
				COPY_PHASE_STRIP = NO;
				DEBUG_INFORMATION_FORMAT = "dwarf-with-dsym";
				ENABLE_NS_ASSERTIONS = NO;
				ENABLE_STRICT_OBJC_MSGSEND = YES;
				GCC_C_LANGUAGE_STANDARD = gnu99;
				GCC_NO_COMMON_BLOCKS = YES;
				GCC_WARN_64_TO_32_BIT_CONVERSION = YES;
				GCC_WARN_ABOUT_RETURN_TYPE = YES_ERROR;
				GCC_WARN_UNDECLARED_SELECTOR = YES;
				GCC_WARN_UNINITIALIZED_AUTOS = YES_AGGRESSIVE;
				GCC_WARN_UNUSED_FUNCTION = YES;
				GCC_WARN_UNUSED_VARIABLE = YES;
				IPHONEOS_DEPLOYMENT_TARGET = 8.3;
				MTL_ENABLE_DEBUG_INFO = NO;
				SDKROOT = iphoneos;
				VALIDATE_PRODUCT = YES;
			};
			name = Release;
		};
		C7E3ABF31BA7B1B700860734 /* Debug */ = {
			isa = XCBuildConfiguration;
			buildSettings = {
				ASSETCATALOG_COMPILER_APPICON_NAME = AppIcon;
				INFOPLIST_FILE = KGKuGouPlayer/Info.plist;
				LD_RUNPATH_SEARCH_PATHS = "$(inherited) @executable_path/Frameworks";
				PRODUCT_NAME = "$(TARGET_NAME)";
			};
			name = Debug;
		};
		C7E3ABF41BA7B1B700860734 /* Release */ = {
			isa = XCBuildConfiguration;
			buildSettings = {
				ASSETCATALOG_COMPILER_APPICON_NAME = AppIcon;
				INFOPLIST_FILE = KGKuGouPlayer/Info.plist;
				LD_RUNPATH_SEARCH_PATHS = "$(inherited) @executable_path/Frameworks";
				PRODUCT_NAME = "$(TARGET_NAME)";
			};
			name = Release;
		};
		C7E3ABF61BA7B1B700860734 /* Debug */ = {
			isa = XCBuildConfiguration;
			buildSettings = {
				BUNDLE_LOADER = "$(TEST_HOST)";
				FRAMEWORK_SEARCH_PATHS = (
					"$(SDKROOT)/Developer/Library/Frameworks",
					"$(inherited)",
				);
				GCC_PREPROCESSOR_DEFINITIONS = (
					"DEBUG=1",
					"$(inherited)",
				);
				INFOPLIST_FILE = KGKuGouPlayerTests/Info.plist;
				LD_RUNPATH_SEARCH_PATHS = "$(inherited) @executable_path/Frameworks @loader_path/Frameworks";
				PRODUCT_NAME = "$(TARGET_NAME)";
				TEST_HOST = "$(BUILT_PRODUCTS_DIR)/KGKuGouPlayer.app/KGKuGouPlayer";
			};
			name = Debug;
		};
		C7E3ABF71BA7B1B700860734 /* Release */ = {
			isa = XCBuildConfiguration;
			buildSettings = {
				BUNDLE_LOADER = "$(TEST_HOST)";
				FRAMEWORK_SEARCH_PATHS = (
					"$(SDKROOT)/Developer/Library/Frameworks",
					"$(inherited)",
				);
				INFOPLIST_FILE = KGKuGouPlayerTests/Info.plist;
				LD_RUNPATH_SEARCH_PATHS = "$(inherited) @executable_path/Frameworks @loader_path/Frameworks";
				PRODUCT_NAME = "$(TARGET_NAME)";
				TEST_HOST = "$(BUILT_PRODUCTS_DIR)/KGKuGouPlayer.app/KGKuGouPlayer";
			};
			name = Release;
		};
/* End XCBuildConfiguration section */

/* Begin XCConfigurationList section */
		C7E3ABC71BA7B1B700860734 /* Build configuration list for PBXProject "KGKuGouPlayer" */ = {
			isa = XCConfigurationList;
			buildConfigurations = (
				C7E3ABF01BA7B1B700860734 /* Debug */,
				C7E3ABF11BA7B1B700860734 /* Release */,
			);
			defaultConfigurationIsVisible = 0;
			defaultConfigurationName = Release;
		};
		C7E3ABF21BA7B1B700860734 /* Build configuration list for PBXNativeTarget "KGKuGouPlayer" */ = {
			isa = XCConfigurationList;
			buildConfigurations = (
				C7E3ABF31BA7B1B700860734 /* Debug */,
				C7E3ABF41BA7B1B700860734 /* Release */,
			);
			defaultConfigurationIsVisible = 0;
			defaultConfigurationName = Release;
		};
		C7E3ABF51BA7B1B700860734 /* Build configuration list for PBXNativeTarget "KGKuGouPlayerTests" */ = {
			isa = XCConfigurationList;
			buildConfigurations = (
				C7E3ABF61BA7B1B700860734 /* Debug */,
				C7E3ABF71BA7B1B700860734 /* Release */,
			);
			defaultConfigurationIsVisible = 0;
			defaultConfigurationName = Release;
		};
/* End XCConfigurationList section */

/* Begin XCVersionGroup section */
		C7E3ABD61BA7B1B700860734 /* KGKuGouPlayer.xcdatamodeld */ = {
			isa = XCVersionGroup;
			children = (
				C7E3ABD71BA7B1B700860734 /* KGKuGouPlayer.xcdatamodel */,
			);
			currentVersion = C7E3ABD71BA7B1B700860734 /* KGKuGouPlayer.xcdatamodel */;
			path = KGKuGouPlayer.xcdatamodeld;
			sourceTree = "<group>";
			versionGroupType = wrapper.xcdatamodel;
		};
/* End XCVersionGroup section */
	};
	rootObject = C7E3ABC41BA7B1B700860734 /* Project object */;
}
